// !$*UTF8*$!
{
	archiveVersion = 1;
	classes = {
	};
	objectVersion = 55;
	objects = {

/* Begin PBXBuildFile section */
		5D44FC6828F930450064EC84 /* MISScrollPage.docc in Sources */ = {isa = PBXBuildFile; fileRef = 5D44FC6728F930450064EC84 /* MISScrollPage.docc */; };
		5D44FC7428F930450064EC84 /* MISScrollPage.h in Headers */ = {isa = PBXBuildFile; fileRef = 5D44FC6628F930450064EC84 /* MISScrollPage.h */; settings = {ATTRIBUTES = (Public, ); }; };
		5D44FCD928F930E10064EC84 /* MISScrollPageControllerDelegate.m in Sources */ = {isa = PBXBuildFile; fileRef = 5D44FCC728F930E00064EC84 /* MISScrollPageControllerDelegate.m */; };
		5D44FCDA28F930E10064EC84 /* MISScrollPageSegmentView.m in Sources */ = {isa = PBXBuildFile; fileRef = 5D44FCC828F930E10064EC84 /* MISScrollPageSegmentView.m */; };
		5D44FCDB28F930E10064EC84 /* MISScrollPageCollectionView.h in Headers */ = {isa = PBXBuildFile; fileRef = 5D44FCC928F930E10064EC84 /* MISScrollPageCollectionView.h */; settings = {ATTRIBUTES = (Public, ); }; };
		5D44FCDC28F930E10064EC84 /* MISScrollPageSegmentView.h in Headers */ = {isa = PBXBuildFile; fileRef = 5D44FCCA28F930E10064EC84 /* MISScrollPageSegmentView.h */; settings = {ATTRIBUTES = (Public, ); }; };
		5D44FCDD28F930E10064EC84 /* MISScrollPageContentView.h in Headers */ = {isa = PBXBuildFile; fileRef = 5D44FCCB28F930E10064EC84 /* MISScrollPageContentView.h */; settings = {ATTRIBUTES = (Public, ); }; };
		5D44FCDE28F930E20064EC84 /* UIView+MISRedPoint.h in Headers */ = {isa = PBXBuildFile; fileRef = 5D44FCCC28F930E10064EC84 /* UIView+MISRedPoint.h */; };
		5D44FCDF28F930E20064EC84 /* MISScrollPageController.h in Headers */ = {isa = PBXBuildFile; fileRef = 5D44FCCD28F930E10064EC84 /* MISScrollPageController.h */; settings = {ATTRIBUTES = (Public, ); }; };
		5D44FCE028F930E20064EC84 /* MISScrollPageStyle.h in Headers */ = {isa = PBXBuildFile; fileRef = 5D44FCCE28F930E10064EC84 /* MISScrollPageStyle.h */; settings = {ATTRIBUTES = (Public, ); }; };
		5D44FCE128F930E20064EC84 /* UIView+MISRedPoint.m in Sources */ = {isa = PBXBuildFile; fileRef = 5D44FCCF28F930E10064EC84 /* UIView+MISRedPoint.m */; };
		5D44FCE228F930E20064EC84 /* UIView+MISHelper.h in Headers */ = {isa = PBXBuildFile; fileRef = 5D44FCD028F930E10064EC84 /* UIView+MISHelper.h */; };
		5D44FCE328F930E20064EC84 /* MISScrollPageController.m in Sources */ = {isa = PBXBuildFile; fileRef = 5D44FCD128F930E10064EC84 /* MISScrollPageController.m */; };
		5D44FCE428F930E20064EC84 /* MISScrollPageControllerDelegate.h in Headers */ = {isa = PBXBuildFile; fileRef = 5D44FCD228F930E10064EC84 /* MISScrollPageControllerDelegate.h */; settings = {ATTRIBUTES = (Public, ); }; };
		5D44FCE528F930E20064EC84 /* MISScrollPageSegmentTitleView.h in Headers */ = {isa = PBXBuildFile; fileRef = 5D44FCD328F930E10064EC84 /* MISScrollPageSegmentTitleView.h */; settings = {ATTRIBUTES = (Public, ); }; };
		5D44FCE628F930E20064EC84 /* UIView+MISHelper.m in Sources */ = {isa = PBXBuildFile; fileRef = 5D44FCD428F930E10064EC84 /* UIView+MISHelper.m */; };
		5D44FCE728F930E20064EC84 /* MISScrollPageContentView.m in Sources */ = {isa = PBXBuildFile; fileRef = 5D44FCD528F930E10064EC84 /* MISScrollPageContentView.m */; };
		5D44FCE828F930E20064EC84 /* MISScrollPageStyle.m in Sources */ = {isa = PBXBuildFile; fileRef = 5D44FCD628F930E10064EC84 /* MISScrollPageStyle.m */; };
		5D44FCE928F930E20064EC84 /* MISScrollPageCollectionView.m in Sources */ = {isa = PBXBuildFile; fileRef = 5D44FCD728F930E10064EC84 /* MISScrollPageCollectionView.m */; };
		5D44FCEA28F930E20064EC84 /* MISScrollPageSegmentTitleView.m in Sources */ = {isa = PBXBuildFile; fileRef = 5D44FCD828F930E10064EC84 /* MISScrollPageSegmentTitleView.m */; };
/* End PBXBuildFile section */

/* Begin PBXFileReference section */
		5D44FC6328F930450064EC84 /* MISScrollPage.framework */ = {isa = PBXFileReference; explicitFileType = wrapper.framework; includeInIndex = 0; path = MISScrollPage.framework; sourceTree = BUILT_PRODUCTS_DIR; };
		5D44FC6628F930450064EC84 /* MISScrollPage.h */ = {isa = PBXFileReference; lastKnownFileType = sourcecode.c.h; path = MISScrollPage.h; sourceTree = "<group>"; };
		5D44FC6728F930450064EC84 /* MISScrollPage.docc */ = {isa = PBXFileReference; lastKnownFileType = folder.documentationcatalog; path = MISScrollPage.docc; sourceTree = "<group>"; };
		5D44FCC728F930E00064EC84 /* MISScrollPageControllerDelegate.m */ = {isa = PBXFileReference; fileEncoding = 4; lastKnownFileType = sourcecode.c.objc; path = MISScrollPageControllerDelegate.m; sourceTree = "<group>"; };
		5D44FCC828F930E10064EC84 /* MISScrollPageSegmentView.m */ = {isa = PBXFileReference; fileEncoding = 4; lastKnownFileType = sourcecode.c.objc; path = MISScrollPageSegmentView.m; sourceTree = "<group>"; };
		5D44FCC928F930E10064EC84 /* MISScrollPageCollectionView.h */ = {isa = PBXFileReference; fileEncoding = 4; lastKnownFileType = sourcecode.c.h; path = MISScrollPageCollectionView.h; sourceTree = "<group>"; };
		5D44FCCA28F930E10064EC84 /* MISScrollPageSegmentView.h */ = {isa = PBXFileReference; fileEncoding = 4; lastKnownFileType = sourcecode.c.h; path = MISScrollPageSegmentView.h; sourceTree = "<group>"; };
		5D44FCCB28F930E10064EC84 /* MISScrollPageContentView.h */ = {isa = PBXFileReference; fileEncoding = 4; lastKnownFileType = sourcecode.c.h; path = MISScrollPageContentView.h; sourceTree = "<group>"; };
		5D44FCCC28F930E10064EC84 /* UIView+MISRedPoint.h */ = {isa = PBXFileReference; fileEncoding = 4; lastKnownFileType = sourcecode.c.h; path = "UIView+MISRedPoint.h"; sourceTree = "<group>"; };
		5D44FCCD28F930E10064EC84 /* MISScrollPageController.h */ = {isa = PBXFileReference; fileEncoding = 4; lastKnownFileType = sourcecode.c.h; path = MISScrollPageController.h; sourceTree = "<group>"; };
		5D44FCCE28F930E10064EC84 /* MISScrollPageStyle.h */ = {isa = PBXFileReference; fileEncoding = 4; lastKnownFileType = sourcecode.c.h; path = MISScrollPageStyle.h; sourceTree = "<group>"; };
		5D44FCCF28F930E10064EC84 /* UIView+MISRedPoint.m */ = {isa = PBXFileReference; fileEncoding = 4; lastKnownFileType = sourcecode.c.objc; path = "UIView+MISRedPoint.m"; sourceTree = "<group>"; };
		5D44FCD028F930E10064EC84 /* UIView+MISHelper.h */ = {isa = PBXFileReference; fileEncoding = 4; lastKnownFileType = sourcecode.c.h; path = "UIView+MISHelper.h"; sourceTree = "<group>"; };
		5D44FCD128F930E10064EC84 /* MISScrollPageController.m */ = {isa = PBXFileReference; fileEncoding = 4; lastKnownFileType = sourcecode.c.objc; path = MISScrollPageController.m; sourceTree = "<group>"; };
		5D44FCD228F930E10064EC84 /* MISScrollPageControllerDelegate.h */ = {isa = PBXFileReference; fileEncoding = 4; lastKnownFileType = sourcecode.c.h; path = MISScrollPageControllerDelegate.h; sourceTree = "<group>"; };
		5D44FCD328F930E10064EC84 /* MISScrollPageSegmentTitleView.h */ = {isa = PBXFileReference; fileEncoding = 4; lastKnownFileType = sourcecode.c.h; path = MISScrollPageSegmentTitleView.h; sourceTree = "<group>"; };
		5D44FCD428F930E10064EC84 /* UIView+MISHelper.m */ = {isa = PBXFileReference; fileEncoding = 4; lastKnownFileType = sourcecode.c.objc; path = "UIView+MISHelper.m"; sourceTree = "<group>"; };
		5D44FCD528F930E10064EC84 /* MISScrollPageContentView.m */ = {isa = PBXFileReference; fileEncoding = 4; lastKnownFileType = sourcecode.c.objc; path = MISScrollPageContentView.m; sourceTree = "<group>"; };
		5D44FCD628F930E10064EC84 /* MISScrollPageStyle.m */ = {isa = PBXFileReference; fileEncoding = 4; lastKnownFileType = sourcecode.c.objc; path = MISScrollPageStyle.m; sourceTree = "<group>"; };
		5D44FCD728F930E10064EC84 /* MISScrollPageCollectionView.m */ = {isa = PBXFileReference; fileEncoding = 4; lastKnownFileType = sourcecode.c.objc; path = MISScrollPageCollectionView.m; sourceTree = "<group>"; };
		5D44FCD828F930E10064EC84 /* MISScrollPageSegmentTitleView.m */ = {isa = PBXFileReference; fileEncoding = 4; lastKnownFileType = sourcecode.c.objc; path = MISScrollPageSegmentTitleView.m; sourceTree = "<group>"; };
/* End PBXFileReference section */

/* Begin PBXFrameworksBuildPhase section */
		5D44FC6028F930450064EC84 /* Frameworks */ = {
			isa = PBXFrameworksBuildPhase;
			buildActionMask = 2147483647;
			files = (
			);
			runOnlyForDeploymentPostprocessing = 0;
		};
/* End PBXFrameworksBuildPhase section */

/* Begin PBXGroup section */
		5D44FC5928F930440064EC84 = {
			isa = PBXGroup;
			children = (
				5D44FC6528F930450064EC84 /* MISScrollPage */,
				5D44FC6428F930450064EC84 /* Products */,
			);
			sourceTree = "<group>";
		};
		5D44FC6428F930450064EC84 /* Products */ = {
			isa = PBXGroup;
			children = (
				5D44FC6328F930450064EC84 /* MISScrollPage.framework */,
			);
			name = Products;
			sourceTree = "<group>";
		};
		5D44FC6528F930450064EC84 /* MISScrollPage */ = {
			isa = PBXGroup;
			children = (
				5D44FC6728F930450064EC84 /* MISScrollPage.docc */,
				5D44FC6628F930450064EC84 /* MISScrollPage.h */,
				5D44FCC928F930E10064EC84 /* MISScrollPageCollectionView.h */,
				5D44FCD728F930E10064EC84 /* MISScrollPageCollectionView.m */,
				5D44FCCB28F930E10064EC84 /* MISScrollPageContentView.h */,
				5D44FCD528F930E10064EC84 /* MISScrollPageContentView.m */,
				5D44FCCD28F930E10064EC84 /* MISScrollPageController.h */,
				5D44FCD128F930E10064EC84 /* MISScrollPageController.m */,
				5D44FCD228F930E10064EC84 /* MISScrollPageControllerDelegate.h */,
				5D44FCC728F930E00064EC84 /* MISScrollPageControllerDelegate.m */,
				5D44FCD328F930E10064EC84 /* MISScrollPageSegmentTitleView.h */,
				5D44FCD828F930E10064EC84 /* MISScrollPageSegmentTitleView.m */,
				5D44FCCA28F930E10064EC84 /* MISScrollPageSegmentView.h */,
				5D44FCC828F930E10064EC84 /* MISScrollPageSegmentView.m */,
				5D44FCCE28F930E10064EC84 /* MISScrollPageStyle.h */,
				5D44FCD628F930E10064EC84 /* MISScrollPageStyle.m */,
				5D44FCD028F930E10064EC84 /* UIView+MISHelper.h */,
				5D44FCD428F930E10064EC84 /* UIView+MISHelper.m */,
				5D44FCCC28F930E10064EC84 /* UIView+MISRedPoint.h */,
				5D44FCCF28F930E10064EC84 /* UIView+MISRedPoint.m */,
			);
			path = MISScrollPage;
			sourceTree = "<group>";
		};
/* End PBXGroup section */

/* Begin PBXHeadersBuildPhase section */
		5D44FC5E28F930450064EC84 /* Headers */ = {
			isa = PBXHeadersBuildPhase;
			buildActionMask = 2147483647;
			files = (
				5D44FCDE28F930E20064EC84 /* UIView+MISRedPoint.h in Headers */,
				5D44FC7428F930450064EC84 /* MISScrollPage.h in Headers */,
				5D44FCDF28F930E20064EC84 /* MISScrollPageController.h in Headers */,
				5D44FCDB28F930E10064EC84 /* MISScrollPageCollectionView.h in Headers */,
				5D44FCDC28F930E10064EC84 /* MISScrollPageSegmentView.h in Headers */,
				5D44FCE228F930E20064EC84 /* UIView+MISHelper.h in Headers */,
				5D44FCDD28F930E10064EC84 /* MISScrollPageContentView.h in Headers */,
				5D44FCE428F930E20064EC84 /* MISScrollPageControllerDelegate.h in Headers */,
				5D44FCE528F930E20064EC84 /* MISScrollPageSegmentTitleView.h in Headers */,
				5D44FCE028F930E20064EC84 /* MISScrollPageStyle.h in Headers */,
			);
			runOnlyForDeploymentPostprocessing = 0;
		};
/* End PBXHeadersBuildPhase section */

/* Begin PBXNativeTarget section */
		5D44FC6228F930450064EC84 /* MISScrollPage */ = {
			isa = PBXNativeTarget;
			buildConfigurationList = 5D44FC7728F930450064EC84 /* Build configuration list for PBXNativeTarget "MISScrollPage" */;
			buildPhases = (
				5D44FC5E28F930450064EC84 /* Headers */,
				5D44FC5F28F930450064EC84 /* Sources */,
				5D44FC6028F930450064EC84 /* Frameworks */,
				5D44FC6128F930450064EC84 /* Resources */,
			);
			buildRules = (
			);
			dependencies = (
			);
			name = MISScrollPage;
			productName = MISScrollPage;
			productReference = 5D44FC6328F930450064EC84 /* MISScrollPage.framework */;
			productType = "com.apple.product-type.framework";
		};
/* End PBXNativeTarget section */

/* Begin PBXProject section */
		5D44FC5A28F930440064EC84 /* Project object */ = {
			isa = PBXProject;
			attributes = {
				BuildIndependentTargetsInParallel = 1;
				LastUpgradeCheck = 1330;
				TargetAttributes = {
					5D44FC6228F930450064EC84 = {
						CreatedOnToolsVersion = 13.3;
					};
				};
			};
			buildConfigurationList = 5D44FC5D28F930440064EC84 /* Build configuration list for PBXProject "MISScrollPage" */;
			compatibilityVersion = "Xcode 13.0";
			developmentRegion = en;
			hasScannedForEncodings = 0;
			knownRegions = (
				en,
				Base,
			);
			mainGroup = 5D44FC5928F930440064EC84;
			productRefGroup = 5D44FC6428F930450064EC84 /* Products */;
			projectDirPath = "";
			projectRoot = "";
			targets = (
				5D44FC6228F930450064EC84 /* MISScrollPage */,
			);
		};
/* End PBXProject section */

/* Begin PBXResourcesBuildPhase section */
		5D44FC6128F930450064EC84 /* Resources */ = {
			isa = PBXResourcesBuildPhase;
			buildActionMask = 2147483647;
			files = (
			);
			runOnlyForDeploymentPostprocessing = 0;
		};
/* End PBXResourcesBuildPhase section */

/* Begin PBXSourcesBuildPhase section */
		5D44FC5F28F930450064EC84 /* Sources */ = {
			isa = PBXSourcesBuildPhase;
			buildActionMask = 2147483647;
			files = (
				5D44FCE628F930E20064EC84 /* UIView+MISHelper.m in Sources */,
				5D44FCDA28F930E10064EC84 /* MISScrollPageSegmentView.m in Sources */,
				5D44FCE328F930E20064EC84 /* MISScrollPageController.m in Sources */,
				5D44FCEA28F930E20064EC84 /* MISScrollPageSegmentTitleView.m in Sources */,
				5D44FCE128F930E20064EC84 /* UIView+MISRedPoint.m in Sources */,
				5D44FCE928F930E20064EC84 /* MISScrollPageCollectionView.m in Sources */,
				5D44FCE728F930E20064EC84 /* MISScrollPageContentView.m in Sources */,
				5D44FCE828F930E20064EC84 /* MISScrollPageStyle.m in Sources */,
				5D44FCD928F930E10064EC84 /* MISScrollPageControllerDelegate.m in Sources */,
				5D44FC6828F930450064EC84 /* MISScrollPage.docc in Sources */,
			);
			runOnlyForDeploymentPostprocessing = 0;
		};
/* End PBXSourcesBuildPhase section */

/* Begin XCBuildConfiguration section */
		5D44FC7528F930450064EC84 /* Debug */ = {
			isa = XCBuildConfiguration;
			buildSettings = {
				ALWAYS_SEARCH_USER_PATHS = NO;
				CLANG_ANALYZER_NONNULL = YES;
				CLANG_ANALYZER_NUMBER_OBJECT_CONVERSION = YES_AGGRESSIVE;
				CLANG_CXX_LANGUAGE_STANDARD = "gnu++17";
				CLANG_ENABLE_MODULES = YES;
				CLANG_ENABLE_OBJC_ARC = YES;
				CLANG_ENABLE_OBJC_WEAK = YES;
				CLANG_WARN_BLOCK_CAPTURE_AUTORELEASING = YES;
				CLANG_WARN_BOOL_CONVERSION = YES;
				CLANG_WARN_COMMA = YES;
				CLANG_WARN_CONSTANT_CONVERSION = YES;
				CLANG_WARN_DEPRECATED_OBJC_IMPLEMENTATIONS = YES;
				CLANG_WARN_DIRECT_OBJC_ISA_USAGE = YES_ERROR;
				CLANG_WARN_DOCUMENTATION_COMMENTS = YES;
				CLANG_WARN_EMPTY_BODY = YES;
				CLANG_WARN_ENUM_CONVERSION = YES;
				CLANG_WARN_INFINITE_RECURSION = YES;
				CLANG_WARN_INT_CONVERSION = YES;
				CLANG_WARN_NON_LITERAL_NULL_CONVERSION = YES;
				CLANG_WARN_OBJC_IMPLICIT_RETAIN_SELF = YES;
				CLANG_WARN_OBJC_LITERAL_CONVERSION = YES;
				CLANG_WARN_OBJC_ROOT_CLASS = YES_ERROR;
				CLANG_WARN_QUOTED_INCLUDE_IN_FRAMEWORK_HEADER = YES;
				CLANG_WARN_RANGE_LOOP_ANALYSIS = YES;
				CLANG_WARN_STRICT_PROTOTYPES = YES;
				CLANG_WARN_SUSPICIOUS_MOVE = YES;
				CLANG_WARN_UNGUARDED_AVAILABILITY = YES_AGGRESSIVE;
				CLANG_WARN_UNREACHABLE_CODE = YES;
				CLANG_WARN__DUPLICATE_METHOD_MATCH = YES;
				COPY_PHASE_STRIP = NO;
				CURRENT_PROJECT_VERSION = 1;
				DEBUG_INFORMATION_FORMAT = dwarf;
				ENABLE_STRICT_OBJC_MSGSEND = YES;
				ENABLE_TESTABILITY = YES;
				GCC_C_LANGUAGE_STANDARD = gnu11;
				GCC_DYNAMIC_NO_PIC = NO;
				GCC_NO_COMMON_BLOCKS = YES;
				GCC_OPTIMIZATION_LEVEL = 0;
				GCC_PREPROCESSOR_DEFINITIONS = (
					"DEBUG=1",
					"$(inherited)",
				);
				GCC_WARN_64_TO_32_BIT_CONVERSION = YES;
				GCC_WARN_ABOUT_RETURN_TYPE = YES_ERROR;
				GCC_WARN_UNDECLARED_SELECTOR = YES;
				GCC_WARN_UNINITIALIZED_AUTOS = YES_AGGRESSIVE;
				GCC_WARN_UNUSED_FUNCTION = YES;
				GCC_WARN_UNUSED_VARIABLE = YES;
				IPHONEOS_DEPLOYMENT_TARGET = 15.4;
				MTL_ENABLE_DEBUG_INFO = INCLUDE_SOURCE;
				MTL_FAST_MATH = YES;
				ONLY_ACTIVE_ARCH = YES;
				SDKROOT = iphoneos;
				VERSIONING_SYSTEM = "apple-generic";
				VERSION_INFO_PREFIX = "";
			};
			name = Debug;
		};
		5D44FC7628F930450064EC84 /* Release */ = {
			isa = XCBuildConfiguration;
			buildSettings = {
				ALWAYS_SEARCH_USER_PATHS = NO;
				CLANG_ANALYZER_NONNULL = YES;
				CLANG_ANALYZER_NUMBER_OBJECT_CONVERSION = YES_AGGRESSIVE;
				CLANG_CXX_LANGUAGE_STANDARD = "gnu++17";
				CLANG_ENABLE_MODULES = YES;
				CLANG_ENABLE_OBJC_ARC = YES;
				CLANG_ENABLE_OBJC_WEAK = YES;
				CLANG_WARN_BLOCK_CAPTURE_AUTORELEASING = YES;
				CLANG_WARN_BOOL_CONVERSION = YES;
				CLANG_WARN_COMMA = YES;
				CLANG_WARN_CONSTANT_CONVERSION = YES;
				CLANG_WARN_DEPRECATED_OBJC_IMPLEMENTATIONS = YES;
				CLANG_WARN_DIRECT_OBJC_ISA_USAGE = YES_ERROR;
				CLANG_WARN_DOCUMENTATION_COMMENTS = YES;
				CLANG_WARN_EMPTY_BODY = YES;
				CLANG_WARN_ENUM_CONVERSION = YES;
				CLANG_WARN_INFINITE_RECURSION = YES;
				CLANG_WARN_INT_CONVERSION = YES;
				CLANG_WARN_NON_LITERAL_NULL_CONVERSION = YES;
				CLANG_WARN_OBJC_IMPLICIT_RETAIN_SELF = YES;
				CLANG_WARN_OBJC_LITERAL_CONVERSION = YES;
				CLANG_WARN_OBJC_ROOT_CLASS = YES_ERROR;
				CLANG_WARN_QUOTED_INCLUDE_IN_FRAMEWORK_HEADER = YES;
				CLANG_WARN_RANGE_LOOP_ANALYSIS = YES;
				CLANG_WARN_STRICT_PROTOTYPES = YES;
				CLANG_WARN_SUSPICIOUS_MOVE = YES;
				CLANG_WARN_UNGUARDED_AVAILABILITY = YES_AGGRESSIVE;
				CLANG_WARN_UNREACHABLE_CODE = YES;
				CLANG_WARN__DUPLICATE_METHOD_MATCH = YES;
				COPY_PHASE_STRIP = NO;
				CURRENT_PROJECT_VERSION = 1;
				DEBUG_INFORMATION_FORMAT = "dwarf-with-dsym";
				ENABLE_NS_ASSERTIONS = NO;
				ENABLE_STRICT_OBJC_MSGSEND = YES;
				GCC_C_LANGUAGE_STANDARD = gnu11;
				GCC_NO_COMMON_BLOCKS = YES;
				GCC_WARN_64_TO_32_BIT_CONVERSION = YES;
				GCC_WARN_ABOUT_RETURN_TYPE = YES_ERROR;
				GCC_WARN_UNDECLARED_SELECTOR = YES;
				GCC_WARN_UNINITIALIZED_AUTOS = YES_AGGRESSIVE;
				GCC_WARN_UNUSED_FUNCTION = YES;
				GCC_WARN_UNUSED_VARIABLE = YES;
				IPHONEOS_DEPLOYMENT_TARGET = 15.4;
				MTL_ENABLE_DEBUG_INFO = NO;
				MTL_FAST_MATH = YES;
				SDKROOT = iphoneos;
				VALIDATE_PRODUCT = YES;
				VERSIONING_SYSTEM = "apple-generic";
				VERSION_INFO_PREFIX = "";
			};
			name = Release;
		};
		5D44FC7828F930450064EC84 /* Debug */ = {
			isa = XCBuildConfiguration;
			buildSettings = {
				CODE_SIGN_STYLE = Automatic;
				CURRENT_PROJECT_VERSION = 1;
				DEFINES_MODULE = YES;
				DEVELOPMENT_TEAM = JC854K845H;
				DYLIB_COMPATIBILITY_VERSION = 1;
				DYLIB_CURRENT_VERSION = 1;
				DYLIB_INSTALL_NAME_BASE = "@rpath";
				"EXCLUDED_ARCHS[sdk=iphonesimulator*]" = arm64;
				GENERATE_INFOPLIST_FILE = YES;
				INFOPLIST_KEY_NSHumanReadableCopyright = "";
				INSTALL_PATH = "$(LOCAL_LIBRARY_DIR)/Frameworks";
				IPHONEOS_DEPLOYMENT_TARGET = 11.0;
				LD_RUNPATH_SEARCH_PATHS = (
					"$(inherited)",
					"@executable_path/Frameworks",
					"@loader_path/Frameworks",
				);
				MACH_O_TYPE = staticlib;
				MARKETING_VERSION = 1.0;
				PRODUCT_BUNDLE_IDENTIFIER = com.fz.www.MISScrollPage;
				PRODUCT_NAME = "$(TARGET_NAME:c99extidentifier)";
				SKIP_INSTALL = YES;
				SWIFT_EMIT_LOC_STRINGS = YES;
				TARGETED_DEVICE_FAMILY = "1,2";
			};
			name = Debug;
		};
		5D44FC7928F930450064EC84 /* Release */ = {
			isa = XCBuildConfiguration;
			buildSettings = {
				CODE_SIGN_STYLE = Automatic;
				CURRENT_PROJECT_VERSION = 1;
				DEFINES_MODULE = YES;
				DEVELOPMENT_TEAM = JC854K845H;
				DYLIB_COMPATIBILITY_VERSION = 1;
				DYLIB_CURRENT_VERSION = 1;
				DYLIB_INSTALL_NAME_BASE = "@rpath";
				GENERATE_INFOPLIST_FILE = YES;
				INFOPLIST_KEY_NSHumanReadableCopyright = "";
				INSTALL_PATH = "$(LOCAL_LIBRARY_DIR)/Frameworks";
				IPHONEOS_DEPLOYMENT_TARGET = 11.0;
				LD_RUNPATH_SEARCH_PATHS = (
					"$(inherited)",
					"@executable_path/Frameworks",
					"@loader_path/Frameworks",
				);
				MACH_O_TYPE = staticlib;
				MARKETING_VERSION = 1.0;
				PRODUCT_BUNDLE_IDENTIFIER = com.fz.www.MISScrollPage;
				PRODUCT_NAME = "$(TARGET_NAME:c99extidentifier)";
				SKIP_INSTALL = YES;
				SWIFT_EMIT_LOC_STRINGS = YES;
				TARGETED_DEVICE_FAMILY = "1,2";
			};
			name = Release;
		};
/* End XCBuildConfiguration section */

/* Begin XCConfigurationList section */
		5D44FC5D28F930440064EC84 /* Build configuration list for PBXProject "MISScrollPage" */ = {
			isa = XCConfigurationList;
			buildConfigurations = (
				5D44FC7528F930450064EC84 /* Debug */,
				5D44FC7628F930450064EC84 /* Release */,
			);
			defaultConfigurationIsVisible = 0;
			defaultConfigurationName = Release;
		};
		5D44FC7728F930450064EC84 /* Build configuration list for PBXNativeTarget "MISScrollPage" */ = {
			isa = XCConfigurationList;
			buildConfigurations = (
				5D44FC7828F930450064EC84 /* Debug */,
				5D44FC7928F930450064EC84 /* Release */,
			);
			defaultConfigurationIsVisible = 0;
			defaultConfigurationName = Release;
		};
/* End XCConfigurationList section */
	};
	rootObject = 5D44FC5A28F930440064EC84 /* Project object */;
}
